// !$*UTF8*$!
{
	archiveVersion = 1;
	classes = {
	};
	objectVersion = 55;
	objects = {

/* Begin PBXBuildFile section */
		A203D24729225F8A00B11636 /* BaseVC.swift in Sources */ = {isa = PBXBuildFile; fileRef = A203D24629225F8A00B11636 /* BaseVC.swift */; };
		A203D24929225F9800B11636 /* BaseView.swift in Sources */ = {isa = PBXBuildFile; fileRef = A203D24829225F9800B11636 /* BaseView.swift */; };
		A203D24C292261ED00B11636 /* NetworkReachableManager.swift in Sources */ = {isa = PBXBuildFile; fileRef = A203D24B292261ED00B11636 /* NetworkReachableManager.swift */; };
		A20A456E2922B2E4003CC900 /* MogakStudyUIFramework.framework in Frameworks */ = {isa = PBXBuildFile; fileRef = A20A456A2922B2DC003CC900 /* MogakStudyUIFramework.framework */; };
		A20A45722922BB4C003CC900 /* OnboardingModel.swift in Sources */ = {isa = PBXBuildFile; fileRef = A20A45712922BB4C003CC900 /* OnboardingModel.swift */; };
		A20A45742922BC01003CC900 /* OnboardingCVC.swift in Sources */ = {isa = PBXBuildFile; fileRef = A20A45732922BC01003CC900 /* OnboardingCVC.swift */; };
		A20A45762922BEB9003CC900 /* NSMutableAttributedString+Extension.swift in Sources */ = {isa = PBXBuildFile; fileRef = A20A45752922BEB9003CC900 /* NSMutableAttributedString+Extension.swift */; };
		A20A45782922CC30003CC900 /* UICVC+Extension.swift in Sources */ = {isa = PBXBuildFile; fileRef = A20A45772922CC30003CC900 /* UICVC+Extension.swift */; };
		A20A457B2922E63E003CC900 /* Date+Extension.swift in Sources */ = {isa = PBXBuildFile; fileRef = A20A457A2922E63E003CC900 /* Date+Extension.swift */; };
		A20A45852922EF4D003CC900 /* LoginManager.swift in Sources */ = {isa = PBXBuildFile; fileRef = A20A45842922EF4D003CC900 /* LoginManager.swift */; };
		A20A458C2922F1C3003CC900 /* PhoneAuthView.swift in Sources */ = {isa = PBXBuildFile; fileRef = A20A458B2922F1C3003CC900 /* PhoneAuthView.swift */; };
		A20A458F2922F1DE003CC900 /* PhoneAuthVC.swift in Sources */ = {isa = PBXBuildFile; fileRef = A20A458E2922F1DE003CC900 /* PhoneAuthVC.swift */; };
		A20A45912922F77F003CC900 /* AuthViewModel.swift in Sources */ = {isa = PBXBuildFile; fileRef = A20A45902922F77F003CC900 /* AuthViewModel.swift */; };
		A20A45942922F7A9003CC900 /* ViewModelType.swift in Sources */ = {isa = PBXBuildFile; fileRef = A20A45932922F7A9003CC900 /* ViewModelType.swift */; };
		A21FA973292315C20000E8D2 /* VerifySMSView.swift in Sources */ = {isa = PBXBuildFile; fileRef = A21FA972292315C20000E8D2 /* VerifySMSView.swift */; };
		A21FA977292315D00000E8D2 /* VerifySMSVC.swift in Sources */ = {isa = PBXBuildFile; fileRef = A21FA976292315D00000E8D2 /* VerifySMSVC.swift */; };
		A21FA97A29231B220000E8D2 /* SignupNicknameView.swift in Sources */ = {isa = PBXBuildFile; fileRef = A21FA97929231B220000E8D2 /* SignupNicknameView.swift */; };
		A21FA97C29231B370000E8D2 /* SignupNicknameVC.swift in Sources */ = {isa = PBXBuildFile; fileRef = A21FA97B29231B370000E8D2 /* SignupNicknameVC.swift */; };
		A21FA982292406190000E8D2 /* SignupBirthdayView.swift in Sources */ = {isa = PBXBuildFile; fileRef = A21FA981292406190000E8D2 /* SignupBirthdayView.swift */; };
		A21FA9842924062A0000E8D2 /* SignupBirthdayVC.swift in Sources */ = {isa = PBXBuildFile; fileRef = A21FA9832924062A0000E8D2 /* SignupBirthdayVC.swift */; };
		A21FA986292406480000E8D2 /* SignupEmailView.swift in Sources */ = {isa = PBXBuildFile; fileRef = A21FA985292406480000E8D2 /* SignupEmailView.swift */; };
		A21FA988292406530000E8D2 /* SignupEmailVC.swift in Sources */ = {isa = PBXBuildFile; fileRef = A21FA987292406530000E8D2 /* SignupEmailVC.swift */; };
		A21FA98A2924065E0000E8D2 /* SignupGenderView.swift in Sources */ = {isa = PBXBuildFile; fileRef = A21FA9892924065E0000E8D2 /* SignupGenderView.swift */; };
		A21FA98C292406680000E8D2 /* SignupGenderVC.swift in Sources */ = {isa = PBXBuildFile; fileRef = A21FA98B292406680000E8D2 /* SignupGenderVC.swift */; };
		A21FA995292415930000E8D2 /* SignupViewModel.swift in Sources */ = {isa = PBXBuildFile; fileRef = A21FA994292415930000E8D2 /* SignupViewModel.swift */; };
		A21FA99829246C660000E8D2 /* GoogleService-Info.plist in Resources */ = {isa = PBXBuildFile; fileRef = A21FA99729246C660000E8D2 /* GoogleService-Info.plist */; };
		A21FA99A2924D9F50000E8D2 /* TabBarVC.swift in Sources */ = {isa = PBXBuildFile; fileRef = A21FA9992924D9F50000E8D2 /* TabBarVC.swift */; };
		A21FA99D2925C4730000E8D2 /* MypageVC.swift in Sources */ = {isa = PBXBuildFile; fileRef = A21FA99C2925C4730000E8D2 /* MypageVC.swift */; };
		A21FA99F2925C4DC0000E8D2 /* MypageView.swift in Sources */ = {isa = PBXBuildFile; fileRef = A21FA99E2925C4DC0000E8D2 /* MypageView.swift */; };
		A21FA9A52925D9970000E8D2 /* HomeView.swift in Sources */ = {isa = PBXBuildFile; fileRef = A21FA9A42925D9970000E8D2 /* HomeView.swift */; };
		A21FA9A72925D9A50000E8D2 /* HomeVC.swift in Sources */ = {isa = PBXBuildFile; fileRef = A21FA9A62925D9A50000E8D2 /* HomeVC.swift */; };
		A21FA9AA292622990000E8D2 /* Keys.swift in Sources */ = {isa = PBXBuildFile; fileRef = A21FA9A9292622990000E8D2 /* Keys.swift */; };
		A23E7A8D291A3BC6005B746F /* SnapKit in Frameworks */ = {isa = PBXBuildFile; productRef = A23E7A8C291A3BC6005B746F /* SnapKit */; };
		A23E7A90291A3BD6005B746F /* Then in Frameworks */ = {isa = PBXBuildFile; productRef = A23E7A8F291A3BD6005B746F /* Then */; };
		A23E7A93291A3BF3005B746F /* Toast in Frameworks */ = {isa = PBXBuildFile; productRef = A23E7A92291A3BF3005B746F /* Toast */; };
		A23E7A99291A5B43005B746F /* Alamofire in Frameworks */ = {isa = PBXBuildFile; productRef = A23E7A98291A5B43005B746F /* Alamofire */; };
		A23E7A9C291A5BAF005B746F /* RxCocoa in Frameworks */ = {isa = PBXBuildFile; productRef = A23E7A9B291A5BAF005B746F /* RxCocoa */; };
		A23E7A9E291A5BAF005B746F /* RxSwift in Frameworks */ = {isa = PBXBuildFile; productRef = A23E7A9D291A5BAF005B746F /* RxSwift */; };
		A23E7AA1291A5C1B005B746F /* Reachability in Frameworks */ = {isa = PBXBuildFile; productRef = A23E7AA0291A5C1B005B746F /* Reachability */; };
		A23E7AA4291A5CA2005B746F /* Hero in Frameworks */ = {isa = PBXBuildFile; productRef = A23E7AA3291A5CA2005B746F /* Hero */; };
		A2499A9D291DD48900A81D07 /* FBAuthManager.swift in Sources */ = {isa = PBXBuildFile; fileRef = A2499A9C291DD48900A81D07 /* FBAuthManager.swift */; };
		A254D4512918DE1300AC5006 /* AppDelegate.swift in Sources */ = {isa = PBXBuildFile; fileRef = A254D4502918DE1300AC5006 /* AppDelegate.swift */; };
		A254D4532918DE1300AC5006 /* SceneDelegate.swift in Sources */ = {isa = PBXBuildFile; fileRef = A254D4522918DE1300AC5006 /* SceneDelegate.swift */; };
		A254D45A2918DE1500AC5006 /* Assets.xcassets in Resources */ = {isa = PBXBuildFile; fileRef = A254D4592918DE1500AC5006 /* Assets.xcassets */; };
		A254D45D2918DE1500AC5006 /* LaunchScreen.storyboard in Resources */ = {isa = PBXBuildFile; fileRef = A254D45B2918DE1500AC5006 /* LaunchScreen.storyboard */; };
		A254D4652918DE9F00AC5006 /* .gitignore in Resources */ = {isa = PBXBuildFile; fileRef = A254D4642918DE9F00AC5006 /* .gitignore */; };
		A254D46E29196BE800AC5006 /* setColor.swift in Sources */ = {isa = PBXBuildFile; fileRef = A254D46D29196BE800AC5006 /* setColor.swift */; };
		A254D4702919749500AC5006 /* setFont.swift in Sources */ = {isa = PBXBuildFile; fileRef = A254D46F2919749500AC5006 /* setFont.swift */; };
		A254D4742919790400AC5006 /* NotoSansCJKkr-Regular.otf in Resources */ = {isa = PBXBuildFile; fileRef = A254D4722919790400AC5006 /* NotoSansCJKkr-Regular.otf */; };
		A254D4752919790400AC5006 /* NotoSansCJKkr-Medium.otf in Resources */ = {isa = PBXBuildFile; fileRef = A254D4732919790400AC5006 /* NotoSansCJKkr-Medium.otf */; };
		A254D4782919D1BD00AC5006 /* String+Extension.swift in Sources */ = {isa = PBXBuildFile; fileRef = A254D4772919D1BD00AC5006 /* String+Extension.swift */; };
		A254D47C2919D39900AC5006 /* Localizable.strings in Resources */ = {isa = PBXBuildFile; fileRef = A254D47E2919D39900AC5006 /* Localizable.strings */; };
		A254D4862919D49700AC5006 /* InfoPlist.strings in Resources */ = {isa = PBXBuildFile; fileRef = A254D4882919D49700AC5006 /* InfoPlist.strings */; };
		A254D48B2919D6A500AC5006 /* I18NStrings.swift in Sources */ = {isa = PBXBuildFile; fileRef = A254D48A2919D6A500AC5006 /* I18NStrings.swift */; };
		A29329F8291FF1280044816B /* Router.swift in Sources */ = {isa = PBXBuildFile; fileRef = A29329F7291FF1280044816B /* Router.swift */; };
		A2932A122921CBE00044816B /* FirebaseAuth in Frameworks */ = {isa = PBXBuildFile; productRef = A2932A112921CBE00044816B /* FirebaseAuth */; };
		A2932A142921CBE00044816B /* FirebaseMessaging in Frameworks */ = {isa = PBXBuildFile; productRef = A2932A132921CBE00044816B /* FirebaseMessaging */; };
		A2932A1A292216880044816B /* UIView+UIStackView+Extension.swift in Sources */ = {isa = PBXBuildFile; fileRef = A2932A19292216880044816B /* UIView+UIStackView+Extension.swift */; };
		A2932A22292256A00044816B /* OnboardingView.swift in Sources */ = {isa = PBXBuildFile; fileRef = A2932A21292256A00044816B /* OnboardingView.swift */; };
		A2932A24292256B70044816B /* OnboardingVC.swift in Sources */ = {isa = PBXBuildFile; fileRef = A2932A23292256B70044816B /* OnboardingVC.swift */; };
		A2932A27292257B30044816B /* ConciergeVC.swift in Sources */ = {isa = PBXBuildFile; fileRef = A2932A26292257B30044816B /* ConciergeVC.swift */; };
/* End PBXBuildFile section */

/* Begin PBXContainerItemProxy section */
		A20A45692922B2DC003CC900 /* PBXContainerItemProxy */ = {
			isa = PBXContainerItemProxy;
			containerPortal = A20A45642922B2DB003CC900 /* MogakStudyUIFramework.xcodeproj */;
			proxyType = 2;
			remoteGlobalIDString = A2FB6D25291B23CA003EF7F9;
			remoteInfo = MogakStudyUIFramework;
		};
		A20A456B2922B2DC003CC900 /* PBXContainerItemProxy */ = {
			isa = PBXContainerItemProxy;
			containerPortal = A20A45642922B2DB003CC900 /* MogakStudyUIFramework.xcodeproj */;
			proxyType = 2;
			remoteGlobalIDString = A2FB6D2F291B23CB003EF7F9;
			remoteInfo = MogakStudyUIFrameworkTests;
		};
/* End PBXContainerItemProxy section */

/* Begin PBXFileReference section */
		A203D24629225F8A00B11636 /* BaseVC.swift */ = {isa = PBXFileReference; lastKnownFileType = sourcecode.swift; path = BaseVC.swift; sourceTree = "<group>"; };
		A203D24829225F9800B11636 /* BaseView.swift */ = {isa = PBXFileReference; lastKnownFileType = sourcecode.swift; path = BaseView.swift; sourceTree = "<group>"; };
		A203D24B292261ED00B11636 /* NetworkReachableManager.swift */ = {isa = PBXFileReference; lastKnownFileType = sourcecode.swift; path = NetworkReachableManager.swift; sourceTree = "<group>"; };
		A20A45642922B2DB003CC900 /* MogakStudyUIFramework.xcodeproj */ = {isa = PBXFileReference; lastKnownFileType = "wrapper.pb-project"; name = MogakStudyUIFramework.xcodeproj; path = ../MogakStudyUIFramework/MogakStudyUIFramework.xcodeproj; sourceTree = "<group>"; };
		A20A45712922BB4C003CC900 /* OnboardingModel.swift */ = {isa = PBXFileReference; lastKnownFileType = sourcecode.swift; path = OnboardingModel.swift; sourceTree = "<group>"; };
		A20A45732922BC01003CC900 /* OnboardingCVC.swift */ = {isa = PBXFileReference; lastKnownFileType = sourcecode.swift; path = OnboardingCVC.swift; sourceTree = "<group>"; };
		A20A45752922BEB9003CC900 /* NSMutableAttributedString+Extension.swift */ = {isa = PBXFileReference; lastKnownFileType = sourcecode.swift; path = "NSMutableAttributedString+Extension.swift"; sourceTree = "<group>"; };
		A20A45772922CC30003CC900 /* UICVC+Extension.swift */ = {isa = PBXFileReference; lastKnownFileType = sourcecode.swift; path = "UICVC+Extension.swift"; sourceTree = "<group>"; };
		A20A457A2922E63E003CC900 /* Date+Extension.swift */ = {isa = PBXFileReference; lastKnownFileType = sourcecode.swift; path = "Date+Extension.swift"; sourceTree = "<group>"; };
		A20A45842922EF4D003CC900 /* LoginManager.swift */ = {isa = PBXFileReference; lastKnownFileType = sourcecode.swift; path = LoginManager.swift; sourceTree = "<group>"; };
		A20A458B2922F1C3003CC900 /* PhoneAuthView.swift */ = {isa = PBXFileReference; lastKnownFileType = sourcecode.swift; path = PhoneAuthView.swift; sourceTree = "<group>"; };
		A20A458E2922F1DE003CC900 /* PhoneAuthVC.swift */ = {isa = PBXFileReference; lastKnownFileType = sourcecode.swift; path = PhoneAuthVC.swift; sourceTree = "<group>"; };
		A20A45902922F77F003CC900 /* AuthViewModel.swift */ = {isa = PBXFileReference; lastKnownFileType = sourcecode.swift; path = AuthViewModel.swift; sourceTree = "<group>"; };
		A20A45932922F7A9003CC900 /* ViewModelType.swift */ = {isa = PBXFileReference; lastKnownFileType = sourcecode.swift; path = ViewModelType.swift; sourceTree = "<group>"; };
		A21FA972292315C20000E8D2 /* VerifySMSView.swift */ = {isa = PBXFileReference; lastKnownFileType = sourcecode.swift; path = VerifySMSView.swift; sourceTree = "<group>"; };
		A21FA976292315D00000E8D2 /* VerifySMSVC.swift */ = {isa = PBXFileReference; lastKnownFileType = sourcecode.swift; path = VerifySMSVC.swift; sourceTree = "<group>"; };
		A21FA97929231B220000E8D2 /* SignupNicknameView.swift */ = {isa = PBXFileReference; lastKnownFileType = sourcecode.swift; path = SignupNicknameView.swift; sourceTree = "<group>"; };
		A21FA97B29231B370000E8D2 /* SignupNicknameVC.swift */ = {isa = PBXFileReference; lastKnownFileType = sourcecode.swift; path = SignupNicknameVC.swift; sourceTree = "<group>"; };
		A21FA981292406190000E8D2 /* SignupBirthdayView.swift */ = {isa = PBXFileReference; lastKnownFileType = sourcecode.swift; path = SignupBirthdayView.swift; sourceTree = "<group>"; };
		A21FA9832924062A0000E8D2 /* SignupBirthdayVC.swift */ = {isa = PBXFileReference; lastKnownFileType = sourcecode.swift; path = SignupBirthdayVC.swift; sourceTree = "<group>"; };
		A21FA985292406480000E8D2 /* SignupEmailView.swift */ = {isa = PBXFileReference; lastKnownFileType = sourcecode.swift; path = SignupEmailView.swift; sourceTree = "<group>"; };
		A21FA987292406530000E8D2 /* SignupEmailVC.swift */ = {isa = PBXFileReference; lastKnownFileType = sourcecode.swift; path = SignupEmailVC.swift; sourceTree = "<group>"; };
		A21FA9892924065E0000E8D2 /* SignupGenderView.swift */ = {isa = PBXFileReference; lastKnownFileType = sourcecode.swift; path = SignupGenderView.swift; sourceTree = "<group>"; };
		A21FA98B292406680000E8D2 /* SignupGenderVC.swift */ = {isa = PBXFileReference; lastKnownFileType = sourcecode.swift; path = SignupGenderVC.swift; sourceTree = "<group>"; };
		A21FA994292415930000E8D2 /* SignupViewModel.swift */ = {isa = PBXFileReference; lastKnownFileType = sourcecode.swift; path = SignupViewModel.swift; sourceTree = "<group>"; };
		A21FA99729246C660000E8D2 /* GoogleService-Info.plist */ = {isa = PBXFileReference; fileEncoding = 4; lastKnownFileType = text.plist.xml; path = "GoogleService-Info.plist"; sourceTree = "<group>"; };
		A21FA9992924D9F50000E8D2 /* TabBarVC.swift */ = {isa = PBXFileReference; lastKnownFileType = sourcecode.swift; path = TabBarVC.swift; sourceTree = "<group>"; };
		A21FA99C2925C4730000E8D2 /* MypageVC.swift */ = {isa = PBXFileReference; lastKnownFileType = sourcecode.swift; path = MypageVC.swift; sourceTree = "<group>"; };
		A21FA99E2925C4DC0000E8D2 /* MypageView.swift */ = {isa = PBXFileReference; lastKnownFileType = sourcecode.swift; path = MypageView.swift; sourceTree = "<group>"; };
		A21FA9A42925D9970000E8D2 /* HomeView.swift */ = {isa = PBXFileReference; lastKnownFileType = sourcecode.swift; path = HomeView.swift; sourceTree = "<group>"; };
		A21FA9A62925D9A50000E8D2 /* HomeVC.swift */ = {isa = PBXFileReference; lastKnownFileType = sourcecode.swift; path = HomeVC.swift; sourceTree = "<group>"; };
		A21FA9A9292622990000E8D2 /* Keys.swift */ = {isa = PBXFileReference; lastKnownFileType = sourcecode.swift; path = Keys.swift; sourceTree = "<group>"; };
		A23E7AA5291A669D005B746F /* MogakStudy.entitlements */ = {isa = PBXFileReference; lastKnownFileType = text.plist.entitlements; path = MogakStudy.entitlements; sourceTree = "<group>"; };
		A2499A9C291DD48900A81D07 /* FBAuthManager.swift */ = {isa = PBXFileReference; lastKnownFileType = sourcecode.swift; path = FBAuthManager.swift; sourceTree = "<group>"; };
		A254D44D2918DE1300AC5006 /* MogakStudy.app */ = {isa = PBXFileReference; explicitFileType = wrapper.application; includeInIndex = 0; path = MogakStudy.app; sourceTree = BUILT_PRODUCTS_DIR; };
		A254D4502918DE1300AC5006 /* AppDelegate.swift */ = {isa = PBXFileReference; lastKnownFileType = sourcecode.swift; path = AppDelegate.swift; sourceTree = "<group>"; };
		A254D4522918DE1300AC5006 /* SceneDelegate.swift */ = {isa = PBXFileReference; lastKnownFileType = sourcecode.swift; path = SceneDelegate.swift; sourceTree = "<group>"; };
		A254D4592918DE1500AC5006 /* Assets.xcassets */ = {isa = PBXFileReference; lastKnownFileType = folder.assetcatalog; path = Assets.xcassets; sourceTree = "<group>"; };
		A254D45C2918DE1500AC5006 /* Base */ = {isa = PBXFileReference; lastKnownFileType = file.storyboard; name = Base; path = Base.lproj/LaunchScreen.storyboard; sourceTree = "<group>"; };
		A254D45E2918DE1500AC5006 /* Info.plist */ = {isa = PBXFileReference; lastKnownFileType = text.plist.xml; path = Info.plist; sourceTree = "<group>"; };
		A254D4642918DE9F00AC5006 /* .gitignore */ = {isa = PBXFileReference; lastKnownFileType = text; path = .gitignore; sourceTree = "<group>"; };
		A254D46D29196BE800AC5006 /* setColor.swift */ = {isa = PBXFileReference; lastKnownFileType = sourcecode.swift; path = setColor.swift; sourceTree = "<group>"; };
		A254D46F2919749500AC5006 /* setFont.swift */ = {isa = PBXFileReference; lastKnownFileType = sourcecode.swift; path = setFont.swift; sourceTree = "<group>"; };
		A254D4722919790400AC5006 /* NotoSansCJKkr-Regular.otf */ = {isa = PBXFileReference; lastKnownFileType = file; path = "NotoSansCJKkr-Regular.otf"; sourceTree = "<group>"; };
		A254D4732919790400AC5006 /* NotoSansCJKkr-Medium.otf */ = {isa = PBXFileReference; lastKnownFileType = file; path = "NotoSansCJKkr-Medium.otf"; sourceTree = "<group>"; };
		A254D4772919D1BD00AC5006 /* String+Extension.swift */ = {isa = PBXFileReference; lastKnownFileType = sourcecode.swift; path = "String+Extension.swift"; sourceTree = "<group>"; };
		A254D47D2919D39900AC5006 /* en */ = {isa = PBXFileReference; lastKnownFileType = text.plist.strings; name = en; path = en.lproj/Localizable.strings; sourceTree = "<group>"; };
		A254D47F2919D3FF00AC5006 /* ko */ = {isa = PBXFileReference; lastKnownFileType = text.plist.strings; name = ko; path = ko.lproj/LaunchScreen.strings; sourceTree = "<group>"; };
		A254D4812919D40000AC5006 /* ko */ = {isa = PBXFileReference; lastKnownFileType = text.plist.strings; name = ko; path = ko.lproj/Localizable.strings; sourceTree = "<group>"; };
		A254D4872919D49700AC5006 /* en */ = {isa = PBXFileReference; lastKnownFileType = text.plist.strings; name = en; path = en.lproj/InfoPlist.strings; sourceTree = "<group>"; };
		A254D4892919D49900AC5006 /* ko */ = {isa = PBXFileReference; lastKnownFileType = text.plist.strings; name = ko; path = ko.lproj/InfoPlist.strings; sourceTree = "<group>"; };
		A254D48A2919D6A500AC5006 /* I18NStrings.swift */ = {isa = PBXFileReference; lastKnownFileType = sourcecode.swift; path = I18NStrings.swift; sourceTree = "<group>"; };
		A29329F7291FF1280044816B /* Router.swift */ = {isa = PBXFileReference; lastKnownFileType = sourcecode.swift; path = Router.swift; sourceTree = "<group>"; };
		A2932A19292216880044816B /* UIView+UIStackView+Extension.swift */ = {isa = PBXFileReference; lastKnownFileType = sourcecode.swift; path = "UIView+UIStackView+Extension.swift"; sourceTree = "<group>"; };
		A2932A21292256A00044816B /* OnboardingView.swift */ = {isa = PBXFileReference; lastKnownFileType = sourcecode.swift; path = OnboardingView.swift; sourceTree = "<group>"; };
		A2932A23292256B70044816B /* OnboardingVC.swift */ = {isa = PBXFileReference; lastKnownFileType = sourcecode.swift; path = OnboardingVC.swift; sourceTree = "<group>"; };
		A2932A26292257B30044816B /* ConciergeVC.swift */ = {isa = PBXFileReference; lastKnownFileType = sourcecode.swift; path = ConciergeVC.swift; sourceTree = "<group>"; };
/* End PBXFileReference section */

/* Begin PBXFrameworksBuildPhase section */
		A254D44A2918DE1300AC5006 /* Frameworks */ = {
			isa = PBXFrameworksBuildPhase;
			buildActionMask = 2147483647;
			files = (
				A23E7A9C291A5BAF005B746F /* RxCocoa in Frameworks */,
				A23E7A99291A5B43005B746F /* Alamofire in Frameworks */,
				A2932A142921CBE00044816B /* FirebaseMessaging in Frameworks */,
				A20A456E2922B2E4003CC900 /* MogakStudyUIFramework.framework in Frameworks */,
				A23E7A93291A3BF3005B746F /* Toast in Frameworks */,
				A23E7A8D291A3BC6005B746F /* SnapKit in Frameworks */,
				A2932A122921CBE00044816B /* FirebaseAuth in Frameworks */,
				A23E7A90291A3BD6005B746F /* Then in Frameworks */,
				A23E7AA1291A5C1B005B746F /* Reachability in Frameworks */,
				A23E7AA4291A5CA2005B746F /* Hero in Frameworks */,
				A23E7A9E291A5BAF005B746F /* RxSwift in Frameworks */,
			);
			runOnlyForDeploymentPostprocessing = 0;
		};
/* End PBXFrameworksBuildPhase section */

/* Begin PBXGroup section */
		A203D24529225F7600B11636 /* Base */ = {
			isa = PBXGroup;
			children = (
				A203D24629225F8A00B11636 /* BaseVC.swift */,
				A203D24829225F9800B11636 /* BaseView.swift */,
			);
			path = Base;
			sourceTree = "<group>";
		};
		A203D24A292261CB00B11636 /* NetworkReachable */ = {
			isa = PBXGroup;
			children = (
				A203D24B292261ED00B11636 /* NetworkReachableManager.swift */,
			);
			path = NetworkReachable;
			sourceTree = "<group>";
		};
		A20A45652922B2DB003CC900 /* Products */ = {
			isa = PBXGroup;
			children = (
				A20A456A2922B2DC003CC900 /* MogakStudyUIFramework.framework */,
				A20A456C2922B2DC003CC900 /* MogakStudyUIFrameworkTests.xctest */,
			);
			name = Products;
			sourceTree = "<group>";
		};
		A20A456D2922B2E4003CC900 /* Frameworks */ = {
			isa = PBXGroup;
			children = (
			);
			name = Frameworks;
			sourceTree = "<group>";
		};
		A20A45802922EF33003CC900 /* UserDefaults */ = {
			isa = PBXGroup;
			children = (
				A20A45842922EF4D003CC900 /* LoginManager.swift */,
			);
			path = UserDefaults;
			sourceTree = "<group>";
		};
		A20A45882922F1A0003CC900 /* PhoneAuth */ = {
			isa = PBXGroup;
			children = (
				A21FA993292414970000E8D2 /* ViewModel */,
				A21FA992292414930000E8D2 /* View */,
				A21FA9912924148E0000E8D2 /* VC */,
			);
			path = PhoneAuth;
			sourceTree = "<group>";
		};
		A20A45922922F797003CC900 /* Protocol */ = {
			isa = PBXGroup;
			children = (
				A20A45932922F7A9003CC900 /* ViewModelType.swift */,
			);
			path = Protocol;
			sourceTree = "<group>";
		};
		A21FA97829231B140000E8D2 /* Signup */ = {
			isa = PBXGroup;
			children = (
				A21FA98F2924142D0000E8D2 /* ViewModel */,
				A21FA98D2924141C0000E8D2 /* View */,
				A21FA990292414320000E8D2 /* VC */,
			);
			path = Signup;
			sourceTree = "<group>";
		};
		A21FA98D2924141C0000E8D2 /* View */ = {
			isa = PBXGroup;
			children = (
				A21FA97929231B220000E8D2 /* SignupNicknameView.swift */,
				A21FA981292406190000E8D2 /* SignupBirthdayView.swift */,
				A21FA985292406480000E8D2 /* SignupEmailView.swift */,
				A21FA9892924065E0000E8D2 /* SignupGenderView.swift */,
			);
			path = View;
			sourceTree = "<group>";
		};
		A21FA98F2924142D0000E8D2 /* ViewModel */ = {
			isa = PBXGroup;
			children = (
				A21FA994292415930000E8D2 /* SignupViewModel.swift */,
			);
			path = ViewModel;
			sourceTree = "<group>";
		};
		A21FA990292414320000E8D2 /* VC */ = {
			isa = PBXGroup;
			children = (
				A21FA97B29231B370000E8D2 /* SignupNicknameVC.swift */,
				A21FA9832924062A0000E8D2 /* SignupBirthdayVC.swift */,
				A21FA987292406530000E8D2 /* SignupEmailVC.swift */,
				A21FA98B292406680000E8D2 /* SignupGenderVC.swift */,
			);
			path = VC;
			sourceTree = "<group>";
		};
		A21FA9912924148E0000E8D2 /* VC */ = {
			isa = PBXGroup;
			children = (
				A20A458E2922F1DE003CC900 /* PhoneAuthVC.swift */,
				A21FA976292315D00000E8D2 /* VerifySMSVC.swift */,
			);
			path = VC;
			sourceTree = "<group>";
		};
		A21FA992292414930000E8D2 /* View */ = {
			isa = PBXGroup;
			children = (
				A20A458B2922F1C3003CC900 /* PhoneAuthView.swift */,
				A21FA972292315C20000E8D2 /* VerifySMSView.swift */,
			);
			path = View;
			sourceTree = "<group>";
		};
		A21FA993292414970000E8D2 /* ViewModel */ = {
			isa = PBXGroup;
			children = (
				A20A45902922F77F003CC900 /* AuthViewModel.swift */,
			);
			path = ViewModel;
			sourceTree = "<group>";
		};
		A21FA99629246A170000E8D2 /* TabBar */ = {
			isa = PBXGroup;
			children = (
				A21FA9A22925CBE80000E8D2 /* VC */,
			);
			path = TabBar;
			sourceTree = "<group>";
		};
		A21FA99B2925C4480000E8D2 /* Mypage */ = {
			isa = PBXGroup;
			children = (
				A21FA9A02925C6020000E8D2 /* View */,
				A21FA9A12925C6070000E8D2 /* VC */,
			);
			path = Mypage;
			sourceTree = "<group>";
		};
		A21FA9A02925C6020000E8D2 /* View */ = {
			isa = PBXGroup;
			children = (
				A21FA99E2925C4DC0000E8D2 /* MypageView.swift */,
			);
			path = View;
			sourceTree = "<group>";
		};
		A21FA9A12925C6070000E8D2 /* VC */ = {
			isa = PBXGroup;
			children = (
				A21FA99C2925C4730000E8D2 /* MypageVC.swift */,
			);
			path = VC;
			sourceTree = "<group>";
		};
		A21FA9A22925CBE80000E8D2 /* VC */ = {
			isa = PBXGroup;
			children = (
				A21FA9992924D9F50000E8D2 /* TabBarVC.swift */,
			);
			path = VC;
			sourceTree = "<group>";
		};
		A21FA9A32925D98C0000E8D2 /* Home */ = {
			isa = PBXGroup;
			children = (
				A21FA9B2292639030000E8D2 /* View */,
				A21FA9B32926390B0000E8D2 /* VC */,
			);
			path = Home;
			sourceTree = "<group>";
		};
		A21FA9A82926228B0000E8D2 /* Keys */ = {
			isa = PBXGroup;
			children = (
				A21FA9A9292622990000E8D2 /* Keys.swift */,
			);
			path = Keys;
			sourceTree = "<group>";
		};
		A21FA9AD292638C10000E8D2 /* View */ = {
			isa = PBXGroup;
			children = (
				A2932A21292256A00044816B /* OnboardingView.swift */,
			);
			path = View;
			sourceTree = "<group>";
		};
		A21FA9B0292638D20000E8D2 /* VC */ = {
			isa = PBXGroup;
			children = (
				A2932A23292256B70044816B /* OnboardingVC.swift */,
			);
			path = VC;
			sourceTree = "<group>";
		};
		A21FA9B1292638DA0000E8D2 /* Cell */ = {
			isa = PBXGroup;
			children = (
				A20A45732922BC01003CC900 /* OnboardingCVC.swift */,
			);
			path = Cell;
			sourceTree = "<group>";
		};
		A21FA9B2292639030000E8D2 /* View */ = {
			isa = PBXGroup;
			children = (
				A21FA9A42925D9970000E8D2 /* HomeView.swift */,
			);
			path = View;
			sourceTree = "<group>";
		};
		A21FA9B32926390B0000E8D2 /* VC */ = {
			isa = PBXGroup;
			children = (
				A21FA9A62925D9A50000E8D2 /* HomeVC.swift */,
			);
			path = VC;
			sourceTree = "<group>";
		};
		A2499A9A291DD46200A81D07 /* Data */ = {
			isa = PBXGroup;
			children = (
				A21FA9A82926228B0000E8D2 /* Keys */,
				A20A45802922EF33003CC900 /* UserDefaults */,
				A203D24A292261CB00B11636 /* NetworkReachable */,
				A2499A9B291DD47500A81D07 /* Auth */,
				A29329F6291FF11B0044816B /* Network */,
			);
			path = Data;
			sourceTree = "<group>";
		};
		A2499A9B291DD47500A81D07 /* Auth */ = {
			isa = PBXGroup;
			children = (
				A2499A9C291DD48900A81D07 /* FBAuthManager.swift */,
			);
			path = Auth;
			sourceTree = "<group>";
		};
		A254D4442918DE1300AC5006 = {
			isa = PBXGroup;
			children = (
				A20A45642922B2DB003CC900 /* MogakStudyUIFramework.xcodeproj */,
				A254D4642918DE9F00AC5006 /* .gitignore */,
				A254D44F2918DE1300AC5006 /* MogakStudy */,
				A254D44E2918DE1300AC5006 /* Products */,
				A20A456D2922B2E4003CC900 /* Frameworks */,
			);
			sourceTree = "<group>";
		};
		A254D44E2918DE1300AC5006 /* Products */ = {
			isa = PBXGroup;
			children = (
				A254D44D2918DE1300AC5006 /* MogakStudy.app */,
			);
			name = Products;
			sourceTree = "<group>";
		};
		A254D44F2918DE1300AC5006 /* MogakStudy */ = {
			isa = PBXGroup;
			children = (
				A23E7AA5291A669D005B746F /* MogakStudy.entitlements */,
				A254D4662919345400AC5006 /* App */,
				A2499A9A291DD46200A81D07 /* Data */,
				A254D468291934BB00AC5006 /* Global */,
				A254D4672919348D00AC5006 /* Presentation */,
				A254D46C29196B9100AC5006 /* Util */,
				A254D45E2918DE1500AC5006 /* Info.plist */,
				A21FA99729246C660000E8D2 /* GoogleService-Info.plist */,
			);
			path = MogakStudy;
			sourceTree = "<group>";
		};
		A254D4662919345400AC5006 /* App */ = {
			isa = PBXGroup;
			children = (
				A254D4502918DE1300AC5006 /* AppDelegate.swift */,
				A254D4522918DE1300AC5006 /* SceneDelegate.swift */,
			);
			path = App;
			sourceTree = "<group>";
		};
		A254D4672919348D00AC5006 /* Presentation */ = {
			isa = PBXGroup;
			children = (
				A21FA9A32925D98C0000E8D2 /* Home */,
				A21FA99B2925C4480000E8D2 /* Mypage */,
				A21FA99629246A170000E8D2 /* TabBar */,
				A21FA97829231B140000E8D2 /* Signup */,
				A20A45882922F1A0003CC900 /* PhoneAuth */,
				A2932A25292257960044816B /* Onboarding */,
				A2932A2829225A860044816B /* Concierge */,
				A203D24529225F7600B11636 /* Base */,
			);
			path = Presentation;
			sourceTree = "<group>";
		};
		A254D468291934BB00AC5006 /* Global */ = {
			isa = PBXGroup;
			children = (
				A254D4792919D37800AC5006 /* Literal */,
				A254D4762919D1AC00AC5006 /* Extension */,
				A20A45922922F797003CC900 /* Protocol */,
				A254D46A291934E400AC5006 /* Resource */,
				A254D469291934C800AC5006 /* Support */,
			);
			path = Global;
			sourceTree = "<group>";
		};
		A254D469291934C800AC5006 /* Support */ = {
			isa = PBXGroup;
			children = (
				A254D45B2918DE1500AC5006 /* LaunchScreen.storyboard */,
			);
			path = Support;
			sourceTree = "<group>";
		};
		A254D46A291934E400AC5006 /* Resource */ = {
			isa = PBXGroup;
			children = (
				A254D4712919785700AC5006 /* Fonts */,
				A254D4592918DE1500AC5006 /* Assets.xcassets */,
			);
			path = Resource;
			sourceTree = "<group>";
		};
		A254D46C29196B9100AC5006 /* Util */ = {
			isa = PBXGroup;
			children = (
				A254D46D29196BE800AC5006 /* setColor.swift */,
				A254D46F2919749500AC5006 /* setFont.swift */,
			);
			path = Util;
			sourceTree = "<group>";
		};
		A254D4712919785700AC5006 /* Fonts */ = {
			isa = PBXGroup;
			children = (
				A254D4732919790400AC5006 /* NotoSansCJKkr-Medium.otf */,
				A254D4722919790400AC5006 /* NotoSansCJKkr-Regular.otf */,
			);
			path = Fonts;
			sourceTree = "<group>";
		};
		A254D4762919D1AC00AC5006 /* Extension */ = {
			isa = PBXGroup;
			children = (
				A254D4772919D1BD00AC5006 /* String+Extension.swift */,
				A2932A19292216880044816B /* UIView+UIStackView+Extension.swift */,
				A20A45772922CC30003CC900 /* UICVC+Extension.swift */,
				A20A45752922BEB9003CC900 /* NSMutableAttributedString+Extension.swift */,
				A20A457A2922E63E003CC900 /* Date+Extension.swift */,
			);
			path = Extension;
			sourceTree = "<group>";
		};
		A254D4792919D37800AC5006 /* Literal */ = {
			isa = PBXGroup;
			children = (
				A254D47E2919D39900AC5006 /* Localizable.strings */,
				A254D4882919D49700AC5006 /* InfoPlist.strings */,
				A254D48A2919D6A500AC5006 /* I18NStrings.swift */,
			);
			path = Literal;
			sourceTree = "<group>";
		};
		A29329F6291FF11B0044816B /* Network */ = {
			isa = PBXGroup;
			children = (
				A29329F7291FF1280044816B /* Router.swift */,
			);
			path = Network;
			sourceTree = "<group>";
		};
		A2932A25292257960044816B /* Onboarding */ = {
			isa = PBXGroup;
			children = (
				A21FA9AD292638C10000E8D2 /* View */,
				A21FA9B0292638D20000E8D2 /* VC */,
				A21FA9B1292638DA0000E8D2 /* Cell */,
				A20A45712922BB4C003CC900 /* OnboardingModel.swift */,
			);
			path = Onboarding;
			sourceTree = "<group>";
		};
		A2932A2829225A860044816B /* Concierge */ = {
			isa = PBXGroup;
			children = (
				A2932A26292257B30044816B /* ConciergeVC.swift */,
			);
			path = Concierge;
			sourceTree = "<group>";
		};
/* End PBXGroup section */

/* Begin PBXNativeTarget section */
		A254D44C2918DE1300AC5006 /* MogakStudy */ = {
			isa = PBXNativeTarget;
			buildConfigurationList = A254D4612918DE1500AC5006 /* Build configuration list for PBXNativeTarget "MogakStudy" */;
			buildPhases = (
				A254D4492918DE1300AC5006 /* Sources */,
				A254D44A2918DE1300AC5006 /* Frameworks */,
				A254D44B2918DE1300AC5006 /* Resources */,
			);
			buildRules = (
			);
			dependencies = (
			);
			name = MogakStudy;
			packageProductDependencies = (
				A23E7A8C291A3BC6005B746F /* SnapKit */,
				A23E7A8F291A3BD6005B746F /* Then */,
				A23E7A92291A3BF3005B746F /* Toast */,
				A23E7A98291A5B43005B746F /* Alamofire */,
				A23E7A9B291A5BAF005B746F /* RxCocoa */,
				A23E7A9D291A5BAF005B746F /* RxSwift */,
				A23E7AA0291A5C1B005B746F /* Reachability */,
				A23E7AA3291A5CA2005B746F /* Hero */,
				A2932A112921CBE00044816B /* FirebaseAuth */,
				A2932A132921CBE00044816B /* FirebaseMessaging */,
			);
			productName = MogakStudy;
			productReference = A254D44D2918DE1300AC5006 /* MogakStudy.app */;
			productType = "com.apple.product-type.application";
		};
/* End PBXNativeTarget section */

/* Begin PBXProject section */
		A254D4452918DE1300AC5006 /* Project object */ = {
			isa = PBXProject;
			attributes = {
				BuildIndependentTargetsInParallel = 1;
				LastSwiftUpdateCheck = 1340;
				LastUpgradeCheck = 1340;
				TargetAttributes = {
					A254D44C2918DE1300AC5006 = {
						CreatedOnToolsVersion = 13.4.1;
					};
				};
			};
			buildConfigurationList = A254D4482918DE1300AC5006 /* Build configuration list for PBXProject "MogakStudy" */;
			compatibilityVersion = "Xcode 13.0";
			developmentRegion = en;
			hasScannedForEncodings = 0;
			knownRegions = (
				en,
				Base,
				ko,
			);
			mainGroup = A254D4442918DE1300AC5006;
			packageReferences = (
				A23E7A8B291A3BC6005B746F /* XCRemoteSwiftPackageReference "SnapKit" */,
				A23E7A8E291A3BD6005B746F /* XCRemoteSwiftPackageReference "Then" */,
				A23E7A91291A3BF3005B746F /* XCRemoteSwiftPackageReference "Toast-Swift" */,
				A23E7A97291A5B43005B746F /* XCRemoteSwiftPackageReference "Alamofire" */,
				A23E7A9A291A5BAF005B746F /* XCRemoteSwiftPackageReference "RxSwift" */,
				A23E7A9F291A5C1B005B746F /* XCRemoteSwiftPackageReference "Reachability" */,
				A23E7AA2291A5CA1005B746F /* XCRemoteSwiftPackageReference "Hero" */,
				A2932A102921CBE00044816B /* XCRemoteSwiftPackageReference "firebase-ios-sdk" */,
			);
			productRefGroup = A254D44E2918DE1300AC5006 /* Products */;
			projectDirPath = "";
			projectReferences = (
				{
					ProductGroup = A20A45652922B2DB003CC900 /* Products */;
					ProjectRef = A20A45642922B2DB003CC900 /* MogakStudyUIFramework.xcodeproj */;
				},
			);
			projectRoot = "";
			targets = (
				A254D44C2918DE1300AC5006 /* MogakStudy */,
			);
		};
/* End PBXProject section */

/* Begin PBXReferenceProxy section */
		A20A456A2922B2DC003CC900 /* MogakStudyUIFramework.framework */ = {
			isa = PBXReferenceProxy;
			fileType = wrapper.framework;
			path = MogakStudyUIFramework.framework;
			remoteRef = A20A45692922B2DC003CC900 /* PBXContainerItemProxy */;
			sourceTree = BUILT_PRODUCTS_DIR;
		};
		A20A456C2922B2DC003CC900 /* MogakStudyUIFrameworkTests.xctest */ = {
			isa = PBXReferenceProxy;
			fileType = wrapper.cfbundle;
			path = MogakStudyUIFrameworkTests.xctest;
			remoteRef = A20A456B2922B2DC003CC900 /* PBXContainerItemProxy */;
			sourceTree = BUILT_PRODUCTS_DIR;
		};
/* End PBXReferenceProxy section */

/* Begin PBXResourcesBuildPhase section */
		A254D44B2918DE1300AC5006 /* Resources */ = {
			isa = PBXResourcesBuildPhase;
			buildActionMask = 2147483647;
			files = (
				A254D4742919790400AC5006 /* NotoSansCJKkr-Regular.otf in Resources */,
				A21FA99829246C660000E8D2 /* GoogleService-Info.plist in Resources */,
				A254D4862919D49700AC5006 /* InfoPlist.strings in Resources */,
				A254D4652918DE9F00AC5006 /* .gitignore in Resources */,
				A254D45D2918DE1500AC5006 /* LaunchScreen.storyboard in Resources */,
				A254D47C2919D39900AC5006 /* Localizable.strings in Resources */,
				A254D45A2918DE1500AC5006 /* Assets.xcassets in Resources */,
				A254D4752919790400AC5006 /* NotoSansCJKkr-Medium.otf in Resources */,
			);
			runOnlyForDeploymentPostprocessing = 0;
		};
/* End PBXResourcesBuildPhase section */

/* Begin PBXSourcesBuildPhase section */
		A254D4492918DE1300AC5006 /* Sources */ = {
			isa = PBXSourcesBuildPhase;
			buildActionMask = 2147483647;
			files = (
				A21FA97A29231B220000E8D2 /* SignupNicknameView.swift in Sources */,
				A2932A27292257B30044816B /* ConciergeVC.swift in Sources */,
				A20A45742922BC01003CC900 /* OnboardingCVC.swift in Sources */,
				A20A45852922EF4D003CC900 /* LoginManager.swift in Sources */,
				A20A458C2922F1C3003CC900 /* PhoneAuthView.swift in Sources */,
				A254D46E29196BE800AC5006 /* setColor.swift in Sources */,
				A2932A24292256B70044816B /* OnboardingVC.swift in Sources */,
				A29329F8291FF1280044816B /* Router.swift in Sources */,
				A21FA9842924062A0000E8D2 /* SignupBirthdayVC.swift in Sources */,
				A21FA98A2924065E0000E8D2 /* SignupGenderView.swift in Sources */,
				A21FA99A2924D9F50000E8D2 /* TabBarVC.swift in Sources */,
				A21FA986292406480000E8D2 /* SignupEmailView.swift in Sources */,
				A20A457B2922E63E003CC900 /* Date+Extension.swift in Sources */,
				A21FA9A52925D9970000E8D2 /* HomeView.swift in Sources */,
				A20A45722922BB4C003CC900 /* OnboardingModel.swift in Sources */,
				A254D48B2919D6A500AC5006 /* I18NStrings.swift in Sources */,
				A21FA99F2925C4DC0000E8D2 /* MypageView.swift in Sources */,
				A21FA9A72925D9A50000E8D2 /* HomeVC.swift in Sources */,
				A20A458F2922F1DE003CC900 /* PhoneAuthVC.swift in Sources */,
				A2499A9D291DD48900A81D07 /* FBAuthManager.swift in Sources */,
				A21FA99D2925C4730000E8D2 /* MypageVC.swift in Sources */,
				A21FA977292315D00000E8D2 /* VerifySMSVC.swift in Sources */,
				A21FA98C292406680000E8D2 /* SignupGenderVC.swift in Sources */,
				A21FA995292415930000E8D2 /* SignupViewModel.swift in Sources */,
				A20A45782922CC30003CC900 /* UICVC+Extension.swift in Sources */,
				A21FA9AA292622990000E8D2 /* Keys.swift in Sources */,
				A20A45762922BEB9003CC900 /* NSMutableAttributedString+Extension.swift in Sources */,
				A254D4702919749500AC5006 /* setFont.swift in Sources */,
				A254D4512918DE1300AC5006 /* AppDelegate.swift in Sources */,
				A203D24729225F8A00B11636 /* BaseVC.swift in Sources */,
				A21FA973292315C20000E8D2 /* VerifySMSView.swift in Sources */,
				A21FA97C29231B370000E8D2 /* SignupNicknameVC.swift in Sources */,
				A254D4782919D1BD00AC5006 /* String+Extension.swift in Sources */,
				A21FA988292406530000E8D2 /* SignupEmailVC.swift in Sources */,
				A20A45942922F7A9003CC900 /* ViewModelType.swift in Sources */,
				A254D4532918DE1300AC5006 /* SceneDelegate.swift in Sources */,
				A203D24929225F9800B11636 /* BaseView.swift in Sources */,
				A21FA982292406190000E8D2 /* SignupBirthdayView.swift in Sources */,
				A20A45912922F77F003CC900 /* AuthViewModel.swift in Sources */,
				A2932A1A292216880044816B /* UIView+UIStackView+Extension.swift in Sources */,
				A203D24C292261ED00B11636 /* NetworkReachableManager.swift in Sources */,
				A2932A22292256A00044816B /* OnboardingView.swift in Sources */,
			);
			runOnlyForDeploymentPostprocessing = 0;
		};
/* End PBXSourcesBuildPhase section */

/* Begin PBXVariantGroup section */
		A254D45B2918DE1500AC5006 /* LaunchScreen.storyboard */ = {
			isa = PBXVariantGroup;
			children = (
				A254D45C2918DE1500AC5006 /* Base */,
				A254D47F2919D3FF00AC5006 /* ko */,
			);
			name = LaunchScreen.storyboard;
			sourceTree = "<group>";
		};
		A254D47E2919D39900AC5006 /* Localizable.strings */ = {
			isa = PBXVariantGroup;
			children = (
				A254D47D2919D39900AC5006 /* en */,
				A254D4812919D40000AC5006 /* ko */,
			);
			name = Localizable.strings;
			sourceTree = "<group>";
		};
		A254D4882919D49700AC5006 /* InfoPlist.strings */ = {
			isa = PBXVariantGroup;
			children = (
				A254D4872919D49700AC5006 /* en */,
				A254D4892919D49900AC5006 /* ko */,
			);
			name = InfoPlist.strings;
			sourceTree = "<group>";
		};
/* End PBXVariantGroup section */

/* Begin XCBuildConfiguration section */
		A254D45F2918DE1500AC5006 /* Debug */ = {
			isa = XCBuildConfiguration;
			buildSettings = {
				ALWAYS_SEARCH_USER_PATHS = NO;
				CLANG_ANALYZER_LOCALIZABILITY_NONLOCALIZED = YES;
				CLANG_ANALYZER_NONNULL = YES;
				CLANG_ANALYZER_NUMBER_OBJECT_CONVERSION = YES_AGGRESSIVE;
				CLANG_CXX_LANGUAGE_STANDARD = "gnu++17";
				CLANG_ENABLE_MODULES = YES;
				CLANG_ENABLE_OBJC_ARC = YES;
				CLANG_ENABLE_OBJC_WEAK = YES;
				CLANG_WARN_BLOCK_CAPTURE_AUTORELEASING = YES;
				CLANG_WARN_BOOL_CONVERSION = YES;
				CLANG_WARN_COMMA = YES;
				CLANG_WARN_CONSTANT_CONVERSION = YES;
				CLANG_WARN_DEPRECATED_OBJC_IMPLEMENTATIONS = YES;
				CLANG_WARN_DIRECT_OBJC_ISA_USAGE = YES_ERROR;
				CLANG_WARN_DOCUMENTATION_COMMENTS = YES;
				CLANG_WARN_EMPTY_BODY = YES;
				CLANG_WARN_ENUM_CONVERSION = YES;
				CLANG_WARN_INFINITE_RECURSION = YES;
				CLANG_WARN_INT_CONVERSION = YES;
				CLANG_WARN_NON_LITERAL_NULL_CONVERSION = YES;
				CLANG_WARN_OBJC_IMPLICIT_RETAIN_SELF = YES;
				CLANG_WARN_OBJC_LITERAL_CONVERSION = YES;
				CLANG_WARN_OBJC_ROOT_CLASS = YES_ERROR;
				CLANG_WARN_QUOTED_INCLUDE_IN_FRAMEWORK_HEADER = YES;
				CLANG_WARN_RANGE_LOOP_ANALYSIS = YES;
				CLANG_WARN_STRICT_PROTOTYPES = YES;
				CLANG_WARN_SUSPICIOUS_MOVE = YES;
				CLANG_WARN_UNGUARDED_AVAILABILITY = YES_AGGRESSIVE;
				CLANG_WARN_UNREACHABLE_CODE = YES;
				CLANG_WARN__DUPLICATE_METHOD_MATCH = YES;
				COPY_PHASE_STRIP = NO;
				DEBUG_INFORMATION_FORMAT = dwarf;
				ENABLE_STRICT_OBJC_MSGSEND = YES;
				ENABLE_TESTABILITY = YES;
				GCC_C_LANGUAGE_STANDARD = gnu11;
				GCC_DYNAMIC_NO_PIC = NO;
				GCC_NO_COMMON_BLOCKS = YES;
				GCC_OPTIMIZATION_LEVEL = 0;
				GCC_PREPROCESSOR_DEFINITIONS = (
					"DEBUG=1",
					"$(inherited)",
				);
				GCC_WARN_64_TO_32_BIT_CONVERSION = YES;
				GCC_WARN_ABOUT_RETURN_TYPE = YES_ERROR;
				GCC_WARN_UNDECLARED_SELECTOR = YES;
				GCC_WARN_UNINITIALIZED_AUTOS = YES_AGGRESSIVE;
				GCC_WARN_UNUSED_FUNCTION = YES;
				GCC_WARN_UNUSED_VARIABLE = YES;
				IPHONEOS_DEPLOYMENT_TARGET = 15.5;
				MTL_ENABLE_DEBUG_INFO = INCLUDE_SOURCE;
				MTL_FAST_MATH = YES;
				ONLY_ACTIVE_ARCH = YES;
				SDKROOT = iphoneos;
				SWIFT_ACTIVE_COMPILATION_CONDITIONS = DEBUG;
				SWIFT_OPTIMIZATION_LEVEL = "-Onone";
			};
			name = Debug;
		};
		A254D4602918DE1500AC5006 /* Release */ = {
			isa = XCBuildConfiguration;
			buildSettings = {
				ALWAYS_SEARCH_USER_PATHS = NO;
				CLANG_ANALYZER_LOCALIZABILITY_NONLOCALIZED = YES;
				CLANG_ANALYZER_NONNULL = YES;
				CLANG_ANALYZER_NUMBER_OBJECT_CONVERSION = YES_AGGRESSIVE;
				CLANG_CXX_LANGUAGE_STANDARD = "gnu++17";
				CLANG_ENABLE_MODULES = YES;
				CLANG_ENABLE_OBJC_ARC = YES;
				CLANG_ENABLE_OBJC_WEAK = YES;
				CLANG_WARN_BLOCK_CAPTURE_AUTORELEASING = YES;
				CLANG_WARN_BOOL_CONVERSION = YES;
				CLANG_WARN_COMMA = YES;
				CLANG_WARN_CONSTANT_CONVERSION = YES;
				CLANG_WARN_DEPRECATED_OBJC_IMPLEMENTATIONS = YES;
				CLANG_WARN_DIRECT_OBJC_ISA_USAGE = YES_ERROR;
				CLANG_WARN_DOCUMENTATION_COMMENTS = YES;
				CLANG_WARN_EMPTY_BODY = YES;
				CLANG_WARN_ENUM_CONVERSION = YES;
				CLANG_WARN_INFINITE_RECURSION = YES;
				CLANG_WARN_INT_CONVERSION = YES;
				CLANG_WARN_NON_LITERAL_NULL_CONVERSION = YES;
				CLANG_WARN_OBJC_IMPLICIT_RETAIN_SELF = YES;
				CLANG_WARN_OBJC_LITERAL_CONVERSION = YES;
				CLANG_WARN_OBJC_ROOT_CLASS = YES_ERROR;
				CLANG_WARN_QUOTED_INCLUDE_IN_FRAMEWORK_HEADER = YES;
				CLANG_WARN_RANGE_LOOP_ANALYSIS = YES;
				CLANG_WARN_STRICT_PROTOTYPES = YES;
				CLANG_WARN_SUSPICIOUS_MOVE = YES;
				CLANG_WARN_UNGUARDED_AVAILABILITY = YES_AGGRESSIVE;
				CLANG_WARN_UNREACHABLE_CODE = YES;
				CLANG_WARN__DUPLICATE_METHOD_MATCH = YES;
				COPY_PHASE_STRIP = NO;
				DEBUG_INFORMATION_FORMAT = "dwarf-with-dsym";
				ENABLE_NS_ASSERTIONS = NO;
				ENABLE_STRICT_OBJC_MSGSEND = YES;
				GCC_C_LANGUAGE_STANDARD = gnu11;
				GCC_NO_COMMON_BLOCKS = YES;
				GCC_WARN_64_TO_32_BIT_CONVERSION = YES;
				GCC_WARN_ABOUT_RETURN_TYPE = YES_ERROR;
				GCC_WARN_UNDECLARED_SELECTOR = YES;
				GCC_WARN_UNINITIALIZED_AUTOS = YES_AGGRESSIVE;
				GCC_WARN_UNUSED_FUNCTION = YES;
				GCC_WARN_UNUSED_VARIABLE = YES;
				IPHONEOS_DEPLOYMENT_TARGET = 15.5;
				MTL_ENABLE_DEBUG_INFO = NO;
				MTL_FAST_MATH = YES;
				SDKROOT = iphoneos;
				SWIFT_COMPILATION_MODE = wholemodule;
				SWIFT_OPTIMIZATION_LEVEL = "-O";
				VALIDATE_PRODUCT = YES;
			};
			name = Release;
		};
		A254D4622918DE1500AC5006 /* Debug */ = {
			isa = XCBuildConfiguration;
			buildSettings = {
				ASSETCATALOG_COMPILER_APPICON_NAME = AppIcon;
				ASSETCATALOG_COMPILER_GLOBAL_ACCENT_COLOR_NAME = AccentColor;
				CODE_SIGN_ENTITLEMENTS = MogakStudy/MogakStudy.entitlements;
				CODE_SIGN_STYLE = Automatic;
				CURRENT_PROJECT_VERSION = 1;
				DEVELOPMENT_TEAM = "";
				GENERATE_INFOPLIST_FILE = YES;
				INFOPLIST_FILE = MogakStudy/Info.plist;
				INFOPLIST_KEY_UIApplicationSupportsIndirectInputEvents = YES;
				INFOPLIST_KEY_UILaunchStoryboardName = LaunchScreen;
				INFOPLIST_KEY_UISupportedInterfaceOrientations = UIInterfaceOrientationPortrait;
				INFOPLIST_KEY_UISupportedInterfaceOrientations_iPad = UIInterfaceOrientationPortrait;
				INFOPLIST_KEY_UISupportedInterfaceOrientations_iPhone = UIInterfaceOrientationPortrait;
				IPHONEOS_DEPLOYMENT_TARGET = 15.0;
				LD_RUNPATH_SEARCH_PATHS = (
					"$(inherited)",
					"@executable_path/Frameworks",
				);
				MARKETING_VERSION = 1.0.0;
				PRODUCT_BUNDLE_IDENTIFIER = com.memolease.sesacslp;
				PRODUCT_NAME = "$(TARGET_NAME)";
				SWIFT_EMIT_LOC_STRINGS = YES;
				SWIFT_VERSION = 5.0;
				TARGETED_DEVICE_FAMILY = 1;
			};
			name = Debug;
		};
		A254D4632918DE1500AC5006 /* Release */ = {
			isa = XCBuildConfiguration;
			buildSettings = {
				ASSETCATALOG_COMPILER_APPICON_NAME = AppIcon;
				ASSETCATALOG_COMPILER_GLOBAL_ACCENT_COLOR_NAME = AccentColor;
				CODE_SIGN_ENTITLEMENTS = MogakStudy/MogakStudy.entitlements;
				CODE_SIGN_STYLE = Automatic;
				CURRENT_PROJECT_VERSION = 1;
				DEVELOPMENT_TEAM = "";
				GENERATE_INFOPLIST_FILE = YES;
				INFOPLIST_FILE = MogakStudy/Info.plist;
				INFOPLIST_KEY_UIApplicationSupportsIndirectInputEvents = YES;
				INFOPLIST_KEY_UILaunchStoryboardName = LaunchScreen;
				INFOPLIST_KEY_UISupportedInterfaceOrientations = UIInterfaceOrientationPortrait;
				INFOPLIST_KEY_UISupportedInterfaceOrientations_iPad = UIInterfaceOrientationPortrait;
				INFOPLIST_KEY_UISupportedInterfaceOrientations_iPhone = UIInterfaceOrientationPortrait;
				IPHONEOS_DEPLOYMENT_TARGET = 15.0;
				LD_RUNPATH_SEARCH_PATHS = (
					"$(inherited)",
					"@executable_path/Frameworks",
				);
				MARKETING_VERSION = 1.0.0;
				PRODUCT_BUNDLE_IDENTIFIER = com.memolease.sesacslp;
				PRODUCT_NAME = "$(TARGET_NAME)";
				SWIFT_EMIT_LOC_STRINGS = YES;
				SWIFT_VERSION = 5.0;
				TARGETED_DEVICE_FAMILY = 1;
			};
			name = Release;
		};
/* End XCBuildConfiguration section */

/* Begin XCConfigurationList section */
		A254D4482918DE1300AC5006 /* Build configuration list for PBXProject "MogakStudy" */ = {
			isa = XCConfigurationList;
			buildConfigurations = (
				A254D45F2918DE1500AC5006 /* Debug */,
				A254D4602918DE1500AC5006 /* Release */,
			);
			defaultConfigurationIsVisible = 0;
			defaultConfigurationName = Release;
		};
		A254D4612918DE1500AC5006 /* Build configuration list for PBXNativeTarget "MogakStudy" */ = {
			isa = XCConfigurationList;
			buildConfigurations = (
				A254D4622918DE1500AC5006 /* Debug */,
				A254D4632918DE1500AC5006 /* Release */,
			);
			defaultConfigurationIsVisible = 0;
			defaultConfigurationName = Release;
		};
/* End XCConfigurationList section */

/* Begin XCRemoteSwiftPackageReference section */
		A23E7A8B291A3BC6005B746F /* XCRemoteSwiftPackageReference "SnapKit" */ = {
			isa = XCRemoteSwiftPackageReference;
			repositoryURL = "https://github.com/SnapKit/SnapKit";
			requirement = {
				kind = upToNextMajorVersion;
				minimumVersion = 5.0.0;
			};
		};
		A23E7A8E291A3BD6005B746F /* XCRemoteSwiftPackageReference "Then" */ = {
			isa = XCRemoteSwiftPackageReference;
			repositoryURL = "https://github.com/devxoul/Then";
			requirement = {
				kind = upToNextMajorVersion;
				minimumVersion = 3.0.0;
			};
		};
		A23E7A91291A3BF3005B746F /* XCRemoteSwiftPackageReference "Toast-Swift" */ = {
			isa = XCRemoteSwiftPackageReference;
			repositoryURL = "https://github.com/scalessec/Toast-Swift";
			requirement = {
				kind = upToNextMajorVersion;
				minimumVersion = 5.0.0;
			};
		};
		A23E7A97291A5B43005B746F /* XCRemoteSwiftPackageReference "Alamofire" */ = {
			isa = XCRemoteSwiftPackageReference;
			repositoryURL = "https://github.com/Alamofire/Alamofire";
			requirement = {
				kind = upToNextMajorVersion;
				minimumVersion = 5.0.0;
			};
		};
		A23E7A9A291A5BAF005B746F /* XCRemoteSwiftPackageReference "RxSwift" */ = {
			isa = XCRemoteSwiftPackageReference;
			repositoryURL = "https://github.com/ReactiveX/RxSwift";
			requirement = {
				kind = upToNextMinorVersion;
				minimumVersion = 6.5.0;
			};
		};
		A23E7A9F291A5C1B005B746F /* XCRemoteSwiftPackageReference "Reachability" */ = {
			isa = XCRemoteSwiftPackageReference;
			repositoryURL = "https://github.com/ashleymills/Reachability.swift";
			requirement = {
				kind = exactVersion;
				version = 5.1.0;
			};
		};
		A23E7AA2291A5CA1005B746F /* XCRemoteSwiftPackageReference "Hero" */ = {
			isa = XCRemoteSwiftPackageReference;
			repositoryURL = "https://github.com/HeroTransitions/Hero";
			requirement = {
				kind = upToNextMinorVersion;
				minimumVersion = 1.6.0;
			};
		};
		A2932A102921CBE00044816B /* XCRemoteSwiftPackageReference "firebase-ios-sdk" */ = {
			isa = XCRemoteSwiftPackageReference;
			repositoryURL = "https://github.com/firebase/firebase-ios-sdk";
			requirement = {
				kind = upToNextMajorVersion;
				minimumVersion = 9.0.0;
			};
		};
/* End XCRemoteSwiftPackageReference section */

/* Begin XCSwiftPackageProductDependency section */
		A23E7A8C291A3BC6005B746F /* SnapKit */ = {
			isa = XCSwiftPackageProductDependency;
			package = A23E7A8B291A3BC6005B746F /* XCRemoteSwiftPackageReference "SnapKit" */;
			productName = SnapKit;
		};
		A23E7A8F291A3BD6005B746F /* Then */ = {
			isa = XCSwiftPackageProductDependency;
			package = A23E7A8E291A3BD6005B746F /* XCRemoteSwiftPackageReference "Then" */;
			productName = Then;
		};
		A23E7A92291A3BF3005B746F /* Toast */ = {
			isa = XCSwiftPackageProductDependency;
			package = A23E7A91291A3BF3005B746F /* XCRemoteSwiftPackageReference "Toast-Swift" */;
			productName = Toast;
		};
		A23E7A98291A5B43005B746F /* Alamofire */ = {
			isa = XCSwiftPackageProductDependency;
			package = A23E7A97291A5B43005B746F /* XCRemoteSwiftPackageReference "Alamofire" */;
			productName = Alamofire;
		};
		A23E7A9B291A5BAF005B746F /* RxCocoa */ = {
			isa = XCSwiftPackageProductDependency;
			package = A23E7A9A291A5BAF005B746F /* XCRemoteSwiftPackageReference "RxSwift" */;
			productName = RxCocoa;
		};
		A23E7A9D291A5BAF005B746F /* RxSwift */ = {
			isa = XCSwiftPackageProductDependency;
			package = A23E7A9A291A5BAF005B746F /* XCRemoteSwiftPackageReference "RxSwift" */;
			productName = RxSwift;
		};
		A23E7AA0291A5C1B005B746F /* Reachability */ = {
			isa = XCSwiftPackageProductDependency;
			package = A23E7A9F291A5C1B005B746F /* XCRemoteSwiftPackageReference "Reachability" */;
			productName = Reachability;
		};
		A23E7AA3291A5CA2005B746F /* Hero */ = {
			isa = XCSwiftPackageProductDependency;
			package = A23E7AA2291A5CA1005B746F /* XCRemoteSwiftPackageReference "Hero" */;
			productName = Hero;
		};
		A2932A112921CBE00044816B /* FirebaseAuth */ = {
			isa = XCSwiftPackageProductDependency;
			package = A2932A102921CBE00044816B /* XCRemoteSwiftPackageReference "firebase-ios-sdk" */;
			productName = FirebaseAuth;
		};
		A2932A132921CBE00044816B /* FirebaseMessaging */ = {
			isa = XCSwiftPackageProductDependency;
			package = A2932A102921CBE00044816B /* XCRemoteSwiftPackageReference "firebase-ios-sdk" */;
			productName = FirebaseMessaging;
		};
/* End XCSwiftPackageProductDependency section */
	};
	rootObject = A254D4452918DE1300AC5006 /* Project object */;
}
